
Microsoft Visual Studio Solution File, Format Version 12.00
# Visual Studio Version 17
Project("{8BC9CEB8-8B4A-11D0-8D11-00A0C91BC942}") = "ALL_BUILD", "ALL_BUILD.vcxproj", "{3E36DB20-AA3F-3B38-8393-151080153E7D}"
	ProjectSection(ProjectDependencies) = postProject
		{141DD50C-E744-3E64-9DC0-5FAA5DE3F063} = {141DD50C-E744-3E64-9DC0-5FAA5DE3F063}
		{CDE86A41-9647-3FBD-B11A-5875059E2AC7} = {CDE86A41-9647-3FBD-B11A-5875059E2AC7}
		{933F2E84-FE37-3C83-B2AA-55964B3A2766} = {933F2E84-FE37-3C83-B2AA-55964B3A2766}
		{60261DF7-CDEC-3CBC-9EA4-593421DA9F5A} = {60261DF7-CDEC-3CBC-9EA4-593421DA9F5A}
		{BF1DC0CD-8688-3550-B5AD-F2B95248EE92} = {BF1DC0CD-8688-3550-B5AD-F2B95248EE92}
		{CA02C23D-5036-3E04-B9DB-DFB7DFD84479} = {CA02C23D-5036-3E04-B9DB-DFB7DFD84479}
		{EAB639C5-51CF-35DF-80AD-BF80B00809FC} = {EAB639C5-51CF-35DF-80AD-BF80B00809FC}
		{6D39C145-F16E-3953-8F10-A99BEA9BD043} = {6D39C145-F16E-3953-8F10-A99BEA9BD043}
		{99B14C68-7C1C-3CA8-A647-DA96D552F16A} = {99B14C68-7C1C-3CA8-A647-DA96D552F16A}
		{5D8F59FE-684F-34A2-B1C8-B56CB1E495E9} = {5D8F59FE-684F-34A2-B1C8-B56CB1E495E9}
		{11719339-52DE-3436-A10D-83E4681F661D} = {11719339-52DE-3436-A10D-83E4681F661D}
		{1D298076-F754-37D3-866D-A70F8861E7F6} = {1D298076-F754-37D3-866D-A70F8861E7F6}
		{83D201BD-DC1A-3E00-AA7C-59E4C9C0BD90} = {83D201BD-DC1A-3E00-AA7C-59E4C9C0BD90}
		{28191943-0527-3271-9355-811E961F4FEF} = {28191943-0527-3271-9355-811E961F4FEF}
		{D0FF6A74-838A-3E43-83C4-C4557CE72962} = {D0FF6A74-838A-3E43-83C4-C4557CE72962}
		{F7C519E1-2325-3EE8-A50D-ECD2BB89B6DF} = {F7C519E1-2325-3EE8-A50D-ECD2BB89B6DF}
		{9C77BB6C-6D1A-320F-B0AA-14FC092ADC35} = {9C77BB6C-6D1A-320F-B0AA-14FC092ADC35}
		{F7A48E01-465B-3CFA-B0D7-3DD5E98AEE37} = {F7A48E01-465B-3CFA-B0D7-3DD5E98AEE37}
		{FB39ADE8-4BFC-3F86-B425-747DDB80B035} = {FB39ADE8-4BFC-3F86-B425-747DDB80B035}
		{D1BDD588-8857-3106-9055-CB8C1E60153A} = {D1BDD588-8857-3106-9055-CB8C1E60153A}
		{54A6D8ED-31CA-3D30-9A7B-8F9AF7F9CBE5} = {54A6D8ED-31CA-3D30-9A7B-8F9AF7F9CBE5}
		{55BEC86D-1BC9-3DDD-ADD2-9C2C854EB0C2} = {55BEC86D-1BC9-3DDD-ADD2-9C2C854EB0C2}
		{A3AA0834-DD48-3FCD-BC02-FFE1B0B93536} = {A3AA0834-DD48-3FCD-BC02-FFE1B0B93536}
		{115DEA5B-B351-3DC8-BC26-64DAD1F06FC5} = {115DEA5B-B351-3DC8-BC26-64DAD1F06FC5}
		{42ED0D66-A3C5-3B2B-9EC2-53335594C5ED} = {42ED0D66-A3C5-3B2B-9EC2-53335594C5ED}
		{D3EA10C5-FD65-38E4-AE9D-6695C6EEB695} = {D3EA10C5-FD65-38E4-AE9D-6695C6EEB695}
		{F61AB268-857B-355D-93C1-9CDB17662DA7} = {F61AB268-857B-355D-93C1-9CDB17662DA7}
		{17A78999-10B4-39A5-A747-87B7D71C7D90} = {17A78999-10B4-39A5-A747-87B7D71C7D90}
		{4F0A8D7B-4457-3640-9C0E-9ADC78DD73CA} = {4F0A8D7B-4457-3640-9C0E-9ADC78DD73CA}
		{3D23474B-B984-35FC-8241-957A9FAC1745} = {3D23474B-B984-35FC-8241-957A9FAC1745}
		{E7F5649C-7BDF-39B7-B751-CF35B254E49A} = {E7F5649C-7BDF-39B7-B751-CF35B254E49A}
		{6B2EE658-FE36-3CFA-BDF5-954EFC615D08} = {6B2EE658-FE36-3CFA-BDF5-954EFC615D08}
		{46601F01-FEFB-3DE1-94EC-32EE77FA82B7} = {46601F01-FEFB-3DE1-94EC-32EE77FA82B7}
		{65C29103-9D65-3F3D-AEBF-5F2982A249DE} = {65C29103-9D65-3F3D-AEBF-5F2982A249DE}
		{4E331317-4712-3CE8-A65D-D3715234B0B3} = {4E331317-4712-3CE8-A65D-D3715234B0B3}
		{05E550C3-7E95-354A-A973-EFB7050136F6} = {05E550C3-7E95-354A-A973-EFB7050136F6}
		{749D3516-78DA-3B3A-B716-8F3B8826DD08} = {749D3516-78DA-3B3A-B716-8F3B8826DD08}
	EndProjectSection
EndProject
Project("{8BC9CEB8-8B4A-11D0-8D11-00A0C91BC942}") = "3dview", "3dview.vcxproj", "{141DD50C-E744-3E64-9DC0-5FAA5DE3F063}"
	ProjectSection(ProjectDependencies) = postProject
		{83D201BD-DC1A-3E00-AA7C-59E4C9C0BD90} = {83D201BD-DC1A-3E00-AA7C-59E4C9C0BD90}
		{28191943-0527-3271-9355-811E961F4FEF} = {28191943-0527-3271-9355-811E961F4FEF}
	EndProjectSection
EndProject
Project("{8BC9CEB8-8B4A-11D0-8D11-00A0C91BC942}") = "3dview_static", "3dview_static.vcxproj", "{CDE86A41-9647-3FBD-B11A-5875059E2AC7}"
	ProjectSection(ProjectDependencies) = postProject
		{83D201BD-DC1A-3E00-AA7C-59E4C9C0BD90} = {83D201BD-DC1A-3E00-AA7C-59E4C9C0BD90}
		{D0FF6A74-838A-3E43-83C4-C4557CE72962} = {D0FF6A74-838A-3E43-83C4-C4557CE72962}
	EndProjectSection
EndProject
Project("{8BC9CEB8-8B4A-11D0-8D11-00A0C91BC942}") = "CallbackMaker", "CallbackMaker.vcxproj", "{933F2E84-FE37-3C83-B2AA-55964B3A2766}"
	ProjectSection(ProjectDependencies) = postProject
		{83D201BD-DC1A-3E00-AA7C-59E4C9C0BD90} = {83D201BD-DC1A-3E00-AA7C-59E4C9C0BD90}
		{28191943-0527-3271-9355-811E961F4FEF} = {28191943-0527-3271-9355-811E961F4FEF}
	EndProjectSection
EndProject
Project("{8BC9CEB8-8B4A-11D0-8D11-00A0C91BC942}") = "CallbackMaker_static", "CallbackMaker_static.vcxproj", "{60261DF7-CDEC-3CBC-9EA4-593421DA9F5A}"
	ProjectSection(ProjectDependencies) = postProject
		{83D201BD-DC1A-3E00-AA7C-59E4C9C0BD90} = {83D201BD-DC1A-3E00-AA7C-59E4C9C0BD90}
		{D0FF6A74-838A-3E43-83C4-C4557CE72962} = {D0FF6A74-838A-3E43-83C4-C4557CE72962}
	EndProjectSection
EndProject
Project("{8BC9CEB8-8B4A-11D0-8D11-00A0C91BC942}") = "Fractals", "Fractals.vcxproj", "{BF1DC0CD-8688-3550-B5AD-F2B95248EE92}"
	ProjectSection(ProjectDependencies) = postProject
		{83D201BD-DC1A-3E00-AA7C-59E4C9C0BD90} = {83D201BD-DC1A-3E00-AA7C-59E4C9C0BD90}
		{28191943-0527-3271-9355-811E961F4FEF} = {28191943-0527-3271-9355-811E961F4FEF}
	EndProjectSection
EndProject
Project("{8BC9CEB8-8B4A-11D0-8D11-00A0C91BC942}") = "Fractals_random", "Fractals_random.vcxproj", "{CA02C23D-5036-3E04-B9DB-DFB7DFD84479}"
	ProjectSection(ProjectDependencies) = postProject
		{83D201BD-DC1A-3E00-AA7C-59E4C9C0BD90} = {83D201BD-DC1A-3E00-AA7C-59E4C9C0BD90}
		{28191943-0527-3271-9355-811E961F4FEF} = {28191943-0527-3271-9355-811E961F4FEF}
	EndProjectSection
EndProject
Project("{8BC9CEB8-8B4A-11D0-8D11-00A0C91BC942}") = "Fractals_random_static", "Fractals_random_static.vcxproj", "{EAB639C5-51CF-35DF-80AD-BF80B00809FC}"
	ProjectSection(ProjectDependencies) = postProject
		{83D201BD-DC1A-3E00-AA7C-59E4C9C0BD90} = {83D201BD-DC1A-3E00-AA7C-59E4C9C0BD90}
		{D0FF6A74-838A-3E43-83C4-C4557CE72962} = {D0FF6A74-838A-3E43-83C4-C4557CE72962}
	EndProjectSection
EndProject
Project("{8BC9CEB8-8B4A-11D0-8D11-00A0C91BC942}") = "Fractals_static", "Fractals_static.vcxproj", "{6D39C145-F16E-3953-8F10-A99BEA9BD043}"
	ProjectSection(ProjectDependencies) = postProject
		{83D201BD-DC1A-3E00-AA7C-59E4C9C0BD90} = {83D201BD-DC1A-3E00-AA7C-59E4C9C0BD90}
		{D0FF6A74-838A-3E43-83C4-C4557CE72962} = {D0FF6A74-838A-3E43-83C4-C4557CE72962}
	EndProjectSection
EndProject
Project("{8BC9CEB8-8B4A-11D0-8D11-00A0C91BC942}") = "INSTALL", "INSTALL.vcxproj", "{DEF07E0A-6149-3533-A44E-C483B310CBA2}"
	ProjectSection(ProjectDependencies) = postProject
		{3E36DB20-AA3F-3B38-8393-151080153E7D} = {3E36DB20-AA3F-3B38-8393-151080153E7D}
		{83D201BD-DC1A-3E00-AA7C-59E4C9C0BD90} = {83D201BD-DC1A-3E00-AA7C-59E4C9C0BD90}
	EndProjectSection
EndProject
Project("{8BC9CEB8-8B4A-11D0-8D11-00A0C91BC942}") = "Lorenz", "Lorenz.vcxproj", "{99B14C68-7C1C-3CA8-A647-DA96D552F16A}"
	ProjectSection(ProjectDependencies) = postProject
		{83D201BD-DC1A-3E00-AA7C-59E4C9C0BD90} = {83D201BD-DC1A-3E00-AA7C-59E4C9C0BD90}
		{28191943-0527-3271-9355-811E961F4FEF} = {28191943-0527-3271-9355-811E961F4FEF}
	EndProjectSection
EndProject
Project("{8BC9CEB8-8B4A-11D0-8D11-00A0C91BC942}") = "Lorenz_static", "Lorenz_static.vcxproj", "{5D8F59FE-684F-34A2-B1C8-B56CB1E495E9}"
	ProjectSection(ProjectDependencies) = postProject
		{83D201BD-DC1A-3E00-AA7C-59E4C9C0BD90} = {83D201BD-DC1A-3E00-AA7C-59E4C9C0BD90}
		{D0FF6A74-838A-3E43-83C4-C4557CE72962} = {D0FF6A74-838A-3E43-83C4-C4557CE72962}
	EndProjectSection
EndProject
Project("{8BC9CEB8-8B4A-11D0-8D11-00A0C91BC942}") = "One", "One.vcxproj", "{11719339-52DE-3436-A10D-83E4681F661D}"
	ProjectSection(ProjectDependencies) = postProject
		{83D201BD-DC1A-3E00-AA7C-59E4C9C0BD90} = {83D201BD-DC1A-3E00-AA7C-59E4C9C0BD90}
		{28191943-0527-3271-9355-811E961F4FEF} = {28191943-0527-3271-9355-811E961F4FEF}
	EndProjectSection
EndProject
Project("{8BC9CEB8-8B4A-11D0-8D11-00A0C91BC942}") = "One_static", "One_static.vcxproj", "{1D298076-F754-37D3-866D-A70F8861E7F6}"
	ProjectSection(ProjectDependencies) = postProject
		{83D201BD-DC1A-3E00-AA7C-59E4C9C0BD90} = {83D201BD-DC1A-3E00-AA7C-59E4C9C0BD90}
		{D0FF6A74-838A-3E43-83C4-C4557CE72962} = {D0FF6A74-838A-3E43-83C4-C4557CE72962}
	EndProjectSection
EndProject
Project("{8BC9CEB8-8B4A-11D0-8D11-00A0C91BC942}") = "ZERO_CHECK", "ZERO_CHECK.vcxproj", "{83D201BD-DC1A-3E00-AA7C-59E4C9C0BD90}"
	ProjectSection(ProjectDependencies) = postProject
	EndProjectSection
EndProject
Project("{8BC9CEB8-8B4A-11D0-8D11-00A0C91BC942}") = "freeglut", "freeglut.vcxproj", "{28191943-0527-3271-9355-811E961F4FEF}"
	ProjectSection(ProjectDependencies) = postProject
		{83D201BD-DC1A-3E00-AA7C-59E4C9C0BD90} = {83D201BD-DC1A-3E00-AA7C-59E4C9C0BD90}
	EndProjectSection
EndProject
Project("{8BC9CEB8-8B4A-11D0-8D11-00A0C91BC942}") = "freeglut_static", "freeglut_static.vcxproj", "{D0FF6A74-838A-3E43-83C4-C4557CE72962}"
	ProjectSection(ProjectDependencies) = postProject
		{83D201BD-DC1A-3E00-AA7C-59E4C9C0BD90} = {83D201BD-DC1A-3E00-AA7C-59E4C9C0BD90}
	EndProjectSection
EndProject
Project("{8BC9CEB8-8B4A-11D0-8D11-00A0C91BC942}") = "indexed_color", "indexed_color.vcxproj", "{F7C519E1-2325-3EE8-A50D-ECD2BB89B6DF}"
	ProjectSection(ProjectDependencies) = postProject
		{83D201BD-DC1A-3E00-AA7C-59E4C9C0BD90} = {83D201BD-DC1A-3E00-AA7C-59E4C9C0BD90}
		{28191943-0527-3271-9355-811E961F4FEF} = {28191943-0527-3271-9355-811E961F4FEF}
	EndProjectSection
EndProject
Project("{8BC9CEB8-8B4A-11D0-8D11-00A0C91BC942}") = "indexed_color_static", "indexed_color_static.vcxproj", "{9C77BB6C-6D1A-320F-B0AA-14FC092ADC35}"
	ProjectSection(ProjectDependencies) = postProject
		{83D201BD-DC1A-3E00-AA7C-59E4C9C0BD90} = {83D201BD-DC1A-3E00-AA7C-59E4C9C0BD90}
		{D0FF6A74-838A-3E43-83C4-C4557CE72962} = {D0FF6A74-838A-3E43-83C4-C4557CE72962}
	EndProjectSection
EndProject
Project("{8BC9CEB8-8B4A-11D0-8D11-00A0C91BC942}") = "joystick", "joystick.vcxproj", "{F7A48E01-465B-3CFA-B0D7-3DD5E98AEE37}"
	ProjectSection(ProjectDependencies) = postProject
		{83D201BD-DC1A-3E00-AA7C-59E4C9C0BD90} = {83D201BD-DC1A-3E00-AA7C-59E4C9C0BD90}
		{28191943-0527-3271-9355-811E961F4FEF} = {28191943-0527-3271-9355-811E961F4FEF}
	EndProjectSection
EndProject
Project("{8BC9CEB8-8B4A-11D0-8D11-00A0C91BC942}") = "joystick_static", "joystick_static.vcxproj", "{FB39ADE8-4BFC-3F86-B425-747DDB80B035}"
	ProjectSection(ProjectDependencies) = postProject
		{83D201BD-DC1A-3E00-AA7C-59E4C9C0BD90} = {83D201BD-DC1A-3E00-AA7C-59E4C9C0BD90}
		{D0FF6A74-838A-3E43-83C4-C4557CE72962} = {D0FF6A74-838A-3E43-83C4-C4557CE72962}
	EndProjectSection
EndProject
Project("{8BC9CEB8-8B4A-11D0-8D11-00A0C91BC942}") = "keyboard", "keyboard.vcxproj", "{D1BDD588-8857-3106-9055-CB8C1E60153A}"
	ProjectSection(ProjectDependencies) = postProject
		{83D201BD-DC1A-3E00-AA7C-59E4C9C0BD90} = {83D201BD-DC1A-3E00-AA7C-59E4C9C0BD90}
		{28191943-0527-3271-9355-811E961F4FEF} = {28191943-0527-3271-9355-811E961F4FEF}
	EndProjectSection
EndProject
Project("{8BC9CEB8-8B4A-11D0-8D11-00A0C91BC942}") = "keyboard_static", "keyboard_static.vcxproj", "{54A6D8ED-31CA-3D30-9A7B-8F9AF7F9CBE5}"
	ProjectSection(ProjectDependencies) = postProject
		{83D201BD-DC1A-3E00-AA7C-59E4C9C0BD90} = {83D201BD-DC1A-3E00-AA7C-59E4C9C0BD90}
		{D0FF6A74-838A-3E43-83C4-C4557CE72962} = {D0FF6A74-838A-3E43-83C4-C4557CE72962}
	EndProjectSection
EndProject
Project("{8BC9CEB8-8B4A-11D0-8D11-00A0C91BC942}") = "multi-touch", "multi-touch.vcxproj", "{55BEC86D-1BC9-3DDD-ADD2-9C2C854EB0C2}"
	ProjectSection(ProjectDependencies) = postProject
		{83D201BD-DC1A-3E00-AA7C-59E4C9C0BD90} = {83D201BD-DC1A-3E00-AA7C-59E4C9C0BD90}
		{28191943-0527-3271-9355-811E961F4FEF} = {28191943-0527-3271-9355-811E961F4FEF}
	EndProjectSection
EndProject
Project("{8BC9CEB8-8B4A-11D0-8D11-00A0C91BC942}") = "multi-touch_static", "multi-touch_static.vcxproj", "{A3AA0834-DD48-3FCD-BC02-FFE1B0B93536}"
	ProjectSection(ProjectDependencies) = postProject
		{83D201BD-DC1A-3E00-AA7C-59E4C9C0BD90} = {83D201BD-DC1A-3E00-AA7C-59E4C9C0BD90}
		{D0FF6A74-838A-3E43-83C4-C4557CE72962} = {D0FF6A74-838A-3E43-83C4-C4557CE72962}
	EndProjectSection
EndProject
Project("{8BC9CEB8-8B4A-11D0-8D11-00A0C91BC942}") = "resizer", "resizer.vcxproj", "{115DEA5B-B351-3DC8-BC26-64DAD1F06FC5}"
	ProjectSection(ProjectDependencies) = postProject
		{83D201BD-DC1A-3E00-AA7C-59E4C9C0BD90} = {83D201BD-DC1A-3E00-AA7C-59E4C9C0BD90}
		{28191943-0527-3271-9355-811E961F4FEF} = {28191943-0527-3271-9355-811E961F4FEF}
	EndProjectSection
EndProject
Project("{8BC9CEB8-8B4A-11D0-8D11-00A0C91BC942}") = "resizer_static", "resizer_static.vcxproj", "{42ED0D66-A3C5-3B2B-9EC2-53335594C5ED}"
	ProjectSection(ProjectDependencies) = postProject
		{83D201BD-DC1A-3E00-AA7C-59E4C9C0BD90} = {83D201BD-DC1A-3E00-AA7C-59E4C9C0BD90}
		{D0FF6A74-838A-3E43-83C4-C4557CE72962} = {D0FF6A74-838A-3E43-83C4-C4557CE72962}
	EndProjectSection
EndProject
Project("{8BC9CEB8-8B4A-11D0-8D11-00A0C91BC942}") = "shapes", "shapes.vcxproj", "{D3EA10C5-FD65-38E4-AE9D-6695C6EEB695}"
	ProjectSection(ProjectDependencies) = postProject
		{83D201BD-DC1A-3E00-AA7C-59E4C9C0BD90} = {83D201BD-DC1A-3E00-AA7C-59E4C9C0BD90}
		{28191943-0527-3271-9355-811E961F4FEF} = {28191943-0527-3271-9355-811E961F4FEF}
	EndProjectSection
EndProject
Project("{8BC9CEB8-8B4A-11D0-8D11-00A0C91BC942}") = "shapes_static", "shapes_static.vcxproj", "{F61AB268-857B-355D-93C1-9CDB17662DA7}"
	ProjectSection(ProjectDependencies) = postProject
		{83D201BD-DC1A-3E00-AA7C-59E4C9C0BD90} = {83D201BD-DC1A-3E00-AA7C-59E4C9C0BD90}
		{D0FF6A74-838A-3E43-83C4-C4557CE72962} = {D0FF6A74-838A-3E43-83C4-C4557CE72962}
	EndProjectSection
EndProject
Project("{8BC9CEB8-8B4A-11D0-8D11-00A0C91BC942}") = "smooth_opengl3", "smooth_opengl3.vcxproj", "{17A78999-10B4-39A5-A747-87B7D71C7D90}"
	ProjectSection(ProjectDependencies) = postProject
		{83D201BD-DC1A-3E00-AA7C-59E4C9C0BD90} = {83D201BD-DC1A-3E00-AA7C-59E4C9C0BD90}
		{28191943-0527-3271-9355-811E961F4FEF} = {28191943-0527-3271-9355-811E961F4FEF}
	EndProjectSection
EndProject
Project("{8BC9CEB8-8B4A-11D0-8D11-00A0C91BC942}") = "smooth_opengl3_static", "smooth_opengl3_static.vcxproj", "{4F0A8D7B-4457-3640-9C0E-9ADC78DD73CA}"
	ProjectSection(ProjectDependencies) = postProject
		{83D201BD-DC1A-3E00-AA7C-59E4C9C0BD90} = {83D201BD-DC1A-3E00-AA7C-59E4C9C0BD90}
		{D0FF6A74-838A-3E43-83C4-C4557CE72962} = {D0FF6A74-838A-3E43-83C4-C4557CE72962}
	EndProjectSection
EndProject
Project("{8BC9CEB8-8B4A-11D0-8D11-00A0C91BC942}") = "spaceball", "spaceball.vcxproj", "{3D23474B-B984-35FC-8241-957A9FAC1745}"
	ProjectSection(ProjectDependencies) = postProject
		{83D201BD-DC1A-3E00-AA7C-59E4C9C0BD90} = {83D201BD-DC1A-3E00-AA7C-59E4C9C0BD90}
		{28191943-0527-3271-9355-811E961F4FEF} = {28191943-0527-3271-9355-811E961F4FEF}
	EndProjectSection
EndProject
Project("{8BC9CEB8-8B4A-11D0-8D11-00A0C91BC942}") = "spaceball_static", "spaceball_static.vcxproj", "{E7F5649C-7BDF-39B7-B751-CF35B254E49A}"
	ProjectSection(ProjectDependencies) = postProject
		{83D201BD-DC1A-3E00-AA7C-59E4C9C0BD90} = {83D201BD-DC1A-3E00-AA7C-59E4C9C0BD90}
		{D0FF6A74-838A-3E43-83C4-C4557CE72962} = {D0FF6A74-838A-3E43-83C4-C4557CE72962}
	EndProjectSection
EndProject
Project("{8BC9CEB8-8B4A-11D0-8D11-00A0C91BC942}") = "subwin", "subwin.vcxproj", "{6B2EE658-FE36-3CFA-BDF5-954EFC615D08}"
	ProjectSection(ProjectDependencies) = postProject
		{83D201BD-DC1A-3E00-AA7C-59E4C9C0BD90} = {83D201BD-DC1A-3E00-AA7C-59E4C9C0BD90}
		{28191943-0527-3271-9355-811E961F4FEF} = {28191943-0527-3271-9355-811E961F4FEF}
	EndProjectSection
EndProject
Project("{8BC9CEB8-8B4A-11D0-8D11-00A0C91BC942}") = "subwin_static", "subwin_static.vcxproj", "{46601F01-FEFB-3DE1-94EC-32EE77FA82B7}"
	ProjectSection(ProjectDependencies) = postProject
		{83D201BD-DC1A-3E00-AA7C-59E4C9C0BD90} = {83D201BD-DC1A-3E00-AA7C-59E4C9C0BD90}
		{D0FF6A74-838A-3E43-83C4-C4557CE72962} = {D0FF6A74-838A-3E43-83C4-C4557CE72962}
	EndProjectSection
EndProject
Project("{8BC9CEB8-8B4A-11D0-8D11-00A0C91BC942}") = "timer", "timer.vcxproj", "{65C29103-9D65-3F3D-AEBF-5F2982A249DE}"
	ProjectSection(ProjectDependencies) = postProject
		{83D201BD-DC1A-3E00-AA7C-59E4C9C0BD90} = {83D201BD-DC1A-3E00-AA7C-59E4C9C0BD90}
		{28191943-0527-3271-9355-811E961F4FEF} = {28191943-0527-3271-9355-811E961F4FEF}
	EndProjectSection
EndProject
Project("{8BC9CEB8-8B4A-11D0-8D11-00A0C91BC942}") = "timer_callback", "timer_callback.vcxproj", "{4E331317-4712-3CE8-A65D-D3715234B0B3}"
	ProjectSection(ProjectDependencies) = postProject
		{83D201BD-DC1A-3E00-AA7C-59E4C9C0BD90} = {83D201BD-DC1A-3E00-AA7C-59E4C9C0BD90}
		{28191943-0527-3271-9355-811E961F4FEF} = {28191943-0527-3271-9355-811E961F4FEF}
	EndProjectSection
EndProject
Project("{8BC9CEB8-8B4A-11D0-8D11-00A0C91BC942}") = "timer_callback_static", "timer_callback_static.vcxproj", "{05E550C3-7E95-354A-A973-EFB7050136F6}"
	ProjectSection(ProjectDependencies) = postProject
		{83D201BD-DC1A-3E00-AA7C-59E4C9C0BD90} = {83D201BD-DC1A-3E00-AA7C-59E4C9C0BD90}
		{D0FF6A74-838A-3E43-83C4-C4557CE72962} = {D0FF6A74-838A-3E43-83C4-C4557CE72962}
	EndProjectSection
EndProject
Project("{8BC9CEB8-8B4A-11D0-8D11-00A0C91BC942}") = "timer_static", "timer_static.vcxproj", "{749D3516-78DA-3B3A-B716-8F3B8826DD08}"
	ProjectSection(ProjectDependencies) = postProject
		{83D201BD-DC1A-3E00-AA7C-59E4C9C0BD90} = {83D201BD-DC1A-3E00-AA7C-59E4C9C0BD90}
		{D0FF6A74-838A-3E43-83C4-C4557CE72962} = {D0FF6A74-838A-3E43-83C4-C4557CE72962}
	EndProjectSection
EndProject
Global
	GlobalSection(SolutionConfigurationPlatforms) = preSolution
		Debug|Win32 = Debug|Win32
		Release|Win32 = Release|Win32
		MinSizeRel|Win32 = MinSizeRel|Win32
		RelWithDebInfo|Win32 = RelWithDebInfo|Win32
	EndGlobalSection
	GlobalSection(ProjectConfigurationPlatforms) = postSolution
		{3E36DB20-AA3F-3B38-8393-151080153E7D}.Debug|Win32.ActiveCfg = Debug|Win32
		{3E36DB20-AA3F-3B38-8393-151080153E7D}.Debug|Win32.Build.0 = Debug|Win32
		{3E36DB20-AA3F-3B38-8393-151080153E7D}.Release|Win32.ActiveCfg = Release|Win32
		{3E36DB20-AA3F-3B38-8393-151080153E7D}.Release|Win32.Build.0 = Release|Win32
		{3E36DB20-AA3F-3B38-8393-151080153E7D}.MinSizeRel|Win32.ActiveCfg = MinSizeRel|Win32
		{3E36DB20-AA3F-3B38-8393-151080153E7D}.MinSizeRel|Win32.Build.0 = MinSizeRel|Win32
		{3E36DB20-AA3F-3B38-8393-151080153E7D}.RelWithDebInfo|Win32.ActiveCfg = RelWithDebInfo|Win32
		{3E36DB20-AA3F-3B38-8393-151080153E7D}.RelWithDebInfo|Win32.Build.0 = RelWithDebInfo|Win32
		{141DD50C-E744-3E64-9DC0-5FAA5DE3F063}.Debug|Win32.ActiveCfg = Debug|Win32
		{141DD50C-E744-3E64-9DC0-5FAA5DE3F063}.Debug|Win32.Build.0 = Debug|Win32
		{141DD50C-E744-3E64-9DC0-5FAA5DE3F063}.Release|Win32.ActiveCfg = Release|Win32
		{141DD50C-E744-3E64-9DC0-5FAA5DE3F063}.Release|Win32.Build.0 = Release|Win32
		{141DD50C-E744-3E64-9DC0-5FAA5DE3F063}.MinSizeRel|Win32.ActiveCfg = MinSizeRel|Win32
		{141DD50C-E744-3E64-9DC0-5FAA5DE3F063}.MinSizeRel|Win32.Build.0 = MinSizeRel|Win32
		{141DD50C-E744-3E64-9DC0-5FAA5DE3F063}.RelWithDebInfo|Win32.ActiveCfg = RelWithDebInfo|Win32
		{141DD50C-E744-3E64-9DC0-5FAA5DE3F063}.RelWithDebInfo|Win32.Build.0 = RelWithDebInfo|Win32
		{CDE86A41-9647-3FBD-B11A-5875059E2AC7}.Debug|Win32.ActiveCfg = Debug|Win32
		{CDE86A41-9647-3FBD-B11A-5875059E2AC7}.Debug|Win32.Build.0 = Debug|Win32
		{CDE86A41-9647-3FBD-B11A-5875059E2AC7}.Release|Win32.ActiveCfg = Release|Win32
		{CDE86A41-9647-3FBD-B11A-5875059E2AC7}.Release|Win32.Build.0 = Release|Win32
		{CDE86A41-9647-3FBD-B11A-5875059E2AC7}.MinSizeRel|Win32.ActiveCfg = MinSizeRel|Win32
		{CDE86A41-9647-3FBD-B11A-5875059E2AC7}.MinSizeRel|Win32.Build.0 = MinSizeRel|Win32
		{CDE86A41-9647-3FBD-B11A-5875059E2AC7}.RelWithDebInfo|Win32.ActiveCfg = RelWithDebInfo|Win32
		{CDE86A41-9647-3FBD-B11A-5875059E2AC7}.RelWithDebInfo|Win32.Build.0 = RelWithDebInfo|Win32
		{933F2E84-FE37-3C83-B2AA-55964B3A2766}.Debug|Win32.ActiveCfg = Debug|Win32
		{933F2E84-FE37-3C83-B2AA-55964B3A2766}.Debug|Win32.Build.0 = Debug|Win32
		{933F2E84-FE37-3C83-B2AA-55964B3A2766}.Release|Win32.ActiveCfg = Release|Win32
		{933F2E84-FE37-3C83-B2AA-55964B3A2766}.Release|Win32.Build.0 = Release|Win32
		{933F2E84-FE37-3C83-B2AA-55964B3A2766}.MinSizeRel|Win32.ActiveCfg = MinSizeRel|Win32
		{933F2E84-FE37-3C83-B2AA-55964B3A2766}.MinSizeRel|Win32.Build.0 = MinSizeRel|Win32
		{933F2E84-FE37-3C83-B2AA-55964B3A2766}.RelWithDebInfo|Win32.ActiveCfg = RelWithDebInfo|Win32
		{933F2E84-FE37-3C83-B2AA-55964B3A2766}.RelWithDebInfo|Win32.Build.0 = RelWithDebInfo|Win32
		{60261DF7-CDEC-3CBC-9EA4-593421DA9F5A}.Debug|Win32.ActiveCfg = Debug|Win32
		{60261DF7-CDEC-3CBC-9EA4-593421DA9F5A}.Debug|Win32.Build.0 = Debug|Win32
		{60261DF7-CDEC-3CBC-9EA4-593421DA9F5A}.Release|Win32.ActiveCfg = Release|Win32
		{60261DF7-CDEC-3CBC-9EA4-593421DA9F5A}.Release|Win32.Build.0 = Release|Win32
		{60261DF7-CDEC-3CBC-9EA4-593421DA9F5A}.MinSizeRel|Win32.ActiveCfg = MinSizeRel|Win32
		{60261DF7-CDEC-3CBC-9EA4-593421DA9F5A}.MinSizeRel|Win32.Build.0 = MinSizeRel|Win32
		{60261DF7-CDEC-3CBC-9EA4-593421DA9F5A}.RelWithDebInfo|Win32.ActiveCfg = RelWithDebInfo|Win32
		{60261DF7-CDEC-3CBC-9EA4-593421DA9F5A}.RelWithDebInfo|Win32.Build.0 = RelWithDebInfo|Win32
		{BF1DC0CD-8688-3550-B5AD-F2B95248EE92}.Debug|Win32.ActiveCfg = Debug|Win32
		{BF1DC0CD-8688-3550-B5AD-F2B95248EE92}.Debug|Win32.Build.0 = Debug|Win32
		{BF1DC0CD-8688-3550-B5AD-F2B95248EE92}.Release|Win32.ActiveCfg = Release|Win32
		{BF1DC0CD-8688-3550-B5AD-F2B95248EE92}.Release|Win32.Build.0 = Release|Win32
		{BF1DC0CD-8688-3550-B5AD-F2B95248EE92}.MinSizeRel|Win32.ActiveCfg = MinSizeRel|Win32
		{BF1DC0CD-8688-3550-B5AD-F2B95248EE92}.MinSizeRel|Win32.Build.0 = MinSizeRel|Win32
		{BF1DC0CD-8688-3550-B5AD-F2B95248EE92}.RelWithDebInfo|Win32.ActiveCfg = RelWithDebInfo|Win32
		{BF1DC0CD-8688-3550-B5AD-F2B95248EE92}.RelWithDebInfo|Win32.Build.0 = RelWithDebInfo|Win32
		{CA02C23D-5036-3E04-B9DB-DFB7DFD84479}.Debug|Win32.ActiveCfg = Debug|Win32
		{CA02C23D-5036-3E04-B9DB-DFB7DFD84479}.Debug|Win32.Build.0 = Debug|Win32
		{CA02C23D-5036-3E04-B9DB-DFB7DFD84479}.Release|Win32.ActiveCfg = Release|Win32
		{CA02C23D-5036-3E04-B9DB-DFB7DFD84479}.Release|Win32.Build.0 = Release|Win32
		{CA02C23D-5036-3E04-B9DB-DFB7DFD84479}.MinSizeRel|Win32.ActiveCfg = MinSizeRel|Win32
		{CA02C23D-5036-3E04-B9DB-DFB7DFD84479}.MinSizeRel|Win32.Build.0 = MinSizeRel|Win32
		{CA02C23D-5036-3E04-B9DB-DFB7DFD84479}.RelWithDebInfo|Win32.ActiveCfg = RelWithDebInfo|Win32
		{CA02C23D-5036-3E04-B9DB-DFB7DFD84479}.RelWithDebInfo|Win32.Build.0 = RelWithDebInfo|Win32
		{EAB639C5-51CF-35DF-80AD-BF80B00809FC}.Debug|Win32.ActiveCfg = Debug|Win32
		{EAB639C5-51CF-35DF-80AD-BF80B00809FC}.Debug|Win32.Build.0 = Debug|Win32
		{EAB639C5-51CF-35DF-80AD-BF80B00809FC}.Release|Win32.ActiveCfg = Release|Win32
		{EAB639C5-51CF-35DF-80AD-BF80B00809FC}.Release|Win32.Build.0 = Release|Win32
		{EAB639C5-51CF-35DF-80AD-BF80B00809FC}.MinSizeRel|Win32.ActiveCfg = MinSizeRel|Win32
		{EAB639C5-51CF-35DF-80AD-BF80B00809FC}.MinSizeRel|Win32.Build.0 = MinSizeRel|Win32
		{EAB639C5-51CF-35DF-80AD-BF80B00809FC}.RelWithDebInfo|Win32.ActiveCfg = RelWithDebInfo|Win32
		{EAB639C5-51CF-35DF-80AD-BF80B00809FC}.RelWithDebInfo|Win32.Build.0 = RelWithDebInfo|Win32
		{6D39C145-F16E-3953-8F10-A99BEA9BD043}.Debug|Win32.ActiveCfg = Debug|Win32
		{6D39C145-F16E-3953-8F10-A99BEA9BD043}.Debug|Win32.Build.0 = Debug|Win32
		{6D39C145-F16E-3953-8F10-A99BEA9BD043}.Release|Win32.ActiveCfg = Release|Win32
		{6D39C145-F16E-3953-8F10-A99BEA9BD043}.Release|Win32.Build.0 = Release|Win32
		{6D39C145-F16E-3953-8F10-A99BEA9BD043}.MinSizeRel|Win32.ActiveCfg = MinSizeRel|Win32
		{6D39C145-F16E-3953-8F10-A99BEA9BD043}.MinSizeRel|Win32.Build.0 = MinSizeRel|Win32
		{6D39C145-F16E-3953-8F10-A99BEA9BD043}.RelWithDebInfo|Win32.ActiveCfg = RelWithDebInfo|Win32
		{6D39C145-F16E-3953-8F10-A99BEA9BD043}.RelWithDebInfo|Win32.Build.0 = RelWithDebInfo|Win32
		{DEF07E0A-6149-3533-A44E-C483B310CBA2}.Debug|Win32.ActiveCfg = Debug|Win32
		{DEF07E0A-6149-3533-A44E-C483B310CBA2}.Release|Win32.ActiveCfg = Release|Win32
		{DEF07E0A-6149-3533-A44E-C483B310CBA2}.MinSizeRel|Win32.ActiveCfg = MinSizeRel|Win32
		{DEF07E0A-6149-3533-A44E-C483B310CBA2}.RelWithDebInfo|Win32.ActiveCfg = RelWithDebInfo|Win32
		{99B14C68-7C1C-3CA8-A647-DA96D552F16A}.Debug|Win32.ActiveCfg = Debug|Win32
		{99B14C68-7C1C-3CA8-A647-DA96D552F16A}.Debug|Win32.Build.0 = Debug|Win32
		{99B14C68-7C1C-3CA8-A647-DA96D552F16A}.Release|Win32.ActiveCfg = Release|Win32
		{99B14C68-7C1C-3CA8-A647-DA96D552F16A}.Release|Win32.Build.0 = Release|Win32
		{99B14C68-7C1C-3CA8-A647-DA96D552F16A}.MinSizeRel|Win32.ActiveCfg = MinSizeRel|Win32
		{99B14C68-7C1C-3CA8-A647-DA96D552F16A}.MinSizeRel|Win32.Build.0 = MinSizeRel|Win32
		{99B14C68-7C1C-3CA8-A647-DA96D552F16A}.RelWithDebInfo|Win32.ActiveCfg = RelWithDebInfo|Win32
		{99B14C68-7C1C-3CA8-A647-DA96D552F16A}.RelWithDebInfo|Win32.Build.0 = RelWithDebInfo|Win32
		{5D8F59FE-684F-34A2-B1C8-B56CB1E495E9}.Debug|Win32.ActiveCfg = Debug|Win32
		{5D8F59FE-684F-34A2-B1C8-B56CB1E495E9}.Debug|Win32.Build.0 = Debug|Win32
		{5D8F59FE-684F-34A2-B1C8-B56CB1E495E9}.Release|Win32.ActiveCfg = Release|Win32
		{5D8F59FE-684F-34A2-B1C8-B56CB1E495E9}.Release|Win32.Build.0 = Release|Win32
		{5D8F59FE-684F-34A2-B1C8-B56CB1E495E9}.MinSizeRel|Win32.ActiveCfg = MinSizeRel|Win32
		{5D8F59FE-684F-34A2-B1C8-B56CB1E495E9}.MinSizeRel|Win32.Build.0 = MinSizeRel|Win32
		{5D8F59FE-684F-34A2-B1C8-B56CB1E495E9}.RelWithDebInfo|Win32.ActiveCfg = RelWithDebInfo|Win32
		{5D8F59FE-684F-34A2-B1C8-B56CB1E495E9}.RelWithDebInfo|Win32.Build.0 = RelWithDebInfo|Win32
		{11719339-52DE-3436-A10D-83E4681F661D}.Debug|Win32.ActiveCfg = Debug|Win32
		{11719339-52DE-3436-A10D-83E4681F661D}.Debug|Win32.Build.0 = Debug|Win32
		{11719339-52DE-3436-A10D-83E4681F661D}.Release|Win32.ActiveCfg = Release|Win32
		{11719339-52DE-3436-A10D-83E4681F661D}.Release|Win32.Build.0 = Release|Win32
		{11719339-52DE-3436-A10D-83E4681F661D}.MinSizeRel|Win32.ActiveCfg = MinSizeRel|Win32
		{11719339-52DE-3436-A10D-83E4681F661D}.MinSizeRel|Win32.Build.0 = MinSizeRel|Win32
		{11719339-52DE-3436-A10D-83E4681F661D}.RelWithDebInfo|Win32.ActiveCfg = RelWithDebInfo|Win32
		{11719339-52DE-3436-A10D-83E4681F661D}.RelWithDebInfo|Win32.Build.0 = RelWithDebInfo|Win32
		{1D298076-F754-37D3-866D-A70F8861E7F6}.Debug|Win32.ActiveCfg = Debug|Win32
		{1D298076-F754-37D3-866D-A70F8861E7F6}.Debug|Win32.Build.0 = Debug|Win32
		{1D298076-F754-37D3-866D-A70F8861E7F6}.Release|Win32.ActiveCfg = Release|Win32
		{1D298076-F754-37D3-866D-A70F8861E7F6}.Release|Win32.Build.0 = Release|Win32
		{1D298076-F754-37D3-866D-A70F8861E7F6}.MinSizeRel|Win32.ActiveCfg = MinSizeRel|Win32
		{1D298076-F754-37D3-866D-A70F8861E7F6}.MinSizeRel|Win32.Build.0 = MinSizeRel|Win32
		{1D298076-F754-37D3-866D-A70F8861E7F6}.RelWithDebInfo|Win32.ActiveCfg = RelWithDebInfo|Win32
		{1D298076-F754-37D3-866D-A70F8861E7F6}.RelWithDebInfo|Win32.Build.0 = RelWithDebInfo|Win32
		{83D201BD-DC1A-3E00-AA7C-59E4C9C0BD90}.Debug|Win32.ActiveCfg = Debug|Win32
		{83D201BD-DC1A-3E00-AA7C-59E4C9C0BD90}.Debug|Win32.Build.0 = Debug|Win32
		{83D201BD-DC1A-3E00-AA7C-59E4C9C0BD90}.Release|Win32.ActiveCfg = Release|Win32
		{83D201BD-DC1A-3E00-AA7C-59E4C9C0BD90}.Release|Win32.Build.0 = Release|Win32
		{83D201BD-DC1A-3E00-AA7C-59E4C9C0BD90}.MinSizeRel|Win32.ActiveCfg = MinSizeRel|Win32
		{83D201BD-DC1A-3E00-AA7C-59E4C9C0BD90}.MinSizeRel|Win32.Build.0 = MinSizeRel|Win32
		{83D201BD-DC1A-3E00-AA7C-59E4C9C0BD90}.RelWithDebInfo|Win32.ActiveCfg = RelWithDebInfo|Win32
		{83D201BD-DC1A-3E00-AA7C-59E4C9C0BD90}.RelWithDebInfo|Win32.Build.0 = RelWithDebInfo|Win32
		{28191943-0527-3271-9355-811E961F4FEF}.Debug|Win32.ActiveCfg = Debug|Win32
		{28191943-0527-3271-9355-811E961F4FEF}.Debug|Win32.Build.0 = Debug|Win32
		{28191943-0527-3271-9355-811E961F4FEF}.Release|Win32.ActiveCfg = Release|Win32
		{28191943-0527-3271-9355-811E961F4FEF}.Release|Win32.Build.0 = Release|Win32
		{28191943-0527-3271-9355-811E961F4FEF}.MinSizeRel|Win32.ActiveCfg = MinSizeRel|Win32
		{28191943-0527-3271-9355-811E961F4FEF}.MinSizeRel|Win32.Build.0 = MinSizeRel|Win32
		{28191943-0527-3271-9355-811E961F4FEF}.RelWithDebInfo|Win32.ActiveCfg = RelWithDebInfo|Win32
		{28191943-0527-3271-9355-811E961F4FEF}.RelWithDebInfo|Win32.Build.0 = RelWithDebInfo|Win32
		{D0FF6A74-838A-3E43-83C4-C4557CE72962}.Debug|Win32.ActiveCfg = Debug|Win32
		{D0FF6A74-838A-3E43-83C4-C4557CE72962}.Debug|Win32.Build.0 = Debug|Win32
		{D0FF6A74-838A-3E43-83C4-C4557CE72962}.Release|Win32.ActiveCfg = Release|Win32
		{D0FF6A74-838A-3E43-83C4-C4557CE72962}.Release|Win32.Build.0 = Release|Win32
		{D0FF6A74-838A-3E43-83C4-C4557CE72962}.MinSizeRel|Win32.ActiveCfg = MinSizeRel|Win32
		{D0FF6A74-838A-3E43-83C4-C4557CE72962}.MinSizeRel|Win32.Build.0 = MinSizeRel|Win32
		{D0FF6A74-838A-3E43-83C4-C4557CE72962}.RelWithDebInfo|Win32.ActiveCfg = RelWithDebInfo|Win32
		{D0FF6A74-838A-3E43-83C4-C4557CE72962}.RelWithDebInfo|Win32.Build.0 = RelWithDebInfo|Win32
		{F7C519E1-2325-3EE8-A50D-ECD2BB89B6DF}.Debug|Win32.ActiveCfg = Debug|Win32
		{F7C519E1-2325-3EE8-A50D-ECD2BB89B6DF}.Debug|Win32.Build.0 = Debug|Win32
		{F7C519E1-2325-3EE8-A50D-ECD2BB89B6DF}.Release|Win32.ActiveCfg = Release|Win32
		{F7C519E1-2325-3EE8-A50D-ECD2BB89B6DF}.Release|Win32.Build.0 = Release|Win32
		{F7C519E1-2325-3EE8-A50D-ECD2BB89B6DF}.MinSizeRel|Win32.ActiveCfg = MinSizeRel|Win32
		{F7C519E1-2325-3EE8-A50D-ECD2BB89B6DF}.MinSizeRel|Win32.Build.0 = MinSizeRel|Win32
		{F7C519E1-2325-3EE8-A50D-ECD2BB89B6DF}.RelWithDebInfo|Win32.ActiveCfg = RelWithDebInfo|Win32
		{F7C519E1-2325-3EE8-A50D-ECD2BB89B6DF}.RelWithDebInfo|Win32.Build.0 = RelWithDebInfo|Win32
		{9C77BB6C-6D1A-320F-B0AA-14FC092ADC35}.Debug|Win32.ActiveCfg = Debug|Win32
		{9C77BB6C-6D1A-320F-B0AA-14FC092ADC35}.Debug|Win32.Build.0 = Debug|Win32
		{9C77BB6C-6D1A-320F-B0AA-14FC092ADC35}.Release|Win32.ActiveCfg = Release|Win32
		{9C77BB6C-6D1A-320F-B0AA-14FC092ADC35}.Release|Win32.Build.0 = Release|Win32
		{9C77BB6C-6D1A-320F-B0AA-14FC092ADC35}.MinSizeRel|Win32.ActiveCfg = MinSizeRel|Win32
		{9C77BB6C-6D1A-320F-B0AA-14FC092ADC35}.MinSizeRel|Win32.Build.0 = MinSizeRel|Win32
		{9C77BB6C-6D1A-320F-B0AA-14FC092ADC35}.RelWithDebInfo|Win32.ActiveCfg = RelWithDebInfo|Win32
		{9C77BB6C-6D1A-320F-B0AA-14FC092ADC35}.RelWithDebInfo|Win32.Build.0 = RelWithDebInfo|Win32
		{F7A48E01-465B-3CFA-B0D7-3DD5E98AEE37}.Debug|Win32.ActiveCfg = Debug|Win32
		{F7A48E01-465B-3CFA-B0D7-3DD5E98AEE37}.Debug|Win32.Build.0 = Debug|Win32
		{F7A48E01-465B-3CFA-B0D7-3DD5E98AEE37}.Release|Win32.ActiveCfg = Release|Win32
		{F7A48E01-465B-3CFA-B0D7-3DD5E98AEE37}.Release|Win32.Build.0 = Release|Win32
		{F7A48E01-465B-3CFA-B0D7-3DD5E98AEE37}.MinSizeRel|Win32.ActiveCfg = MinSizeRel|Win32
		{F7A48E01-465B-3CFA-B0D7-3DD5E98AEE37}.MinSizeRel|Win32.Build.0 = MinSizeRel|Win32
		{F7A48E01-465B-3CFA-B0D7-3DD5E98AEE37}.RelWithDebInfo|Win32.ActiveCfg = RelWithDebInfo|Win32
		{F7A48E01-465B-3CFA-B0D7-3DD5E98AEE37}.RelWithDebInfo|Win32.Build.0 = RelWithDebInfo|Win32
		{FB39ADE8-4BFC-3F86-B425-747DDB80B035}.Debug|Win32.ActiveCfg = Debug|Win32
		{FB39ADE8-4BFC-3F86-B425-747DDB80B035}.Debug|Win32.Build.0 = Debug|Win32
		{FB39ADE8-4BFC-3F86-B425-747DDB80B035}.Release|Win32.ActiveCfg = Release|Win32
		{FB39ADE8-4BFC-3F86-B425-747DDB80B035}.Release|Win32.Build.0 = Release|Win32
		{FB39ADE8-4BFC-3F86-B425-747DDB80B035}.MinSizeRel|Win32.ActiveCfg = MinSizeRel|Win32
		{FB39ADE8-4BFC-3F86-B425-747DDB80B035}.MinSizeRel|Win32.Build.0 = MinSizeRel|Win32
		{FB39ADE8-4BFC-3F86-B425-747DDB80B035}.RelWithDebInfo|Win32.ActiveCfg = RelWithDebInfo|Win32
		{FB39ADE8-4BFC-3F86-B425-747DDB80B035}.RelWithDebInfo|Win32.Build.0 = RelWithDebInfo|Win32
		{D1BDD588-8857-3106-9055-CB8C1E60153A}.Debug|Win32.ActiveCfg = Debug|Win32
		{D1BDD588-8857-3106-9055-CB8C1E60153A}.Debug|Win32.Build.0 = Debug|Win32
		{D1BDD588-8857-3106-9055-CB8C1E60153A}.Release|Win32.ActiveCfg = Release|Win32
		{D1BDD588-8857-3106-9055-CB8C1E60153A}.Release|Win32.Build.0 = Release|Win32
		{D1BDD588-8857-3106-9055-CB8C1E60153A}.MinSizeRel|Win32.ActiveCfg = MinSizeRel|Win32
		{D1BDD588-8857-3106-9055-CB8C1E60153A}.MinSizeRel|Win32.Build.0 = MinSizeRel|Win32
		{D1BDD588-8857-3106-9055-CB8C1E60153A}.RelWithDebInfo|Win32.ActiveCfg = RelWithDebInfo|Win32
		{D1BDD588-8857-3106-9055-CB8C1E60153A}.RelWithDebInfo|Win32.Build.0 = RelWithDebInfo|Win32
		{54A6D8ED-31CA-3D30-9A7B-8F9AF7F9CBE5}.Debug|Win32.ActiveCfg = Debug|Win32
		{54A6D8ED-31CA-3D30-9A7B-8F9AF7F9CBE5}.Debug|Win32.Build.0 = Debug|Win32
		{54A6D8ED-31CA-3D30-9A7B-8F9AF7F9CBE5}.Release|Win32.ActiveCfg = Release|Win32
		{54A6D8ED-31CA-3D30-9A7B-8F9AF7F9CBE5}.Release|Win32.Build.0 = Release|Win32
		{54A6D8ED-31CA-3D30-9A7B-8F9AF7F9CBE5}.MinSizeRel|Win32.ActiveCfg = MinSizeRel|Win32
		{54A6D8ED-31CA-3D30-9A7B-8F9AF7F9CBE5}.MinSizeRel|Win32.Build.0 = MinSizeRel|Win32
		{54A6D8ED-31CA-3D30-9A7B-8F9AF7F9CBE5}.RelWithDebInfo|Win32.ActiveCfg = RelWithDebInfo|Win32
		{54A6D8ED-31CA-3D30-9A7B-8F9AF7F9CBE5}.RelWithDebInfo|Win32.Build.0 = RelWithDebInfo|Win32
		{55BEC86D-1BC9-3DDD-ADD2-9C2C854EB0C2}.Debug|Win32.ActiveCfg = Debug|Win32
		{55BEC86D-1BC9-3DDD-ADD2-9C2C854EB0C2}.Debug|Win32.Build.0 = Debug|Win32
		{55BEC86D-1BC9-3DDD-ADD2-9C2C854EB0C2}.Release|Win32.ActiveCfg = Release|Win32
		{55BEC86D-1BC9-3DDD-ADD2-9C2C854EB0C2}.Release|Win32.Build.0 = Release|Win32
		{55BEC86D-1BC9-3DDD-ADD2-9C2C854EB0C2}.MinSizeRel|Win32.ActiveCfg = MinSizeRel|Win32
		{55BEC86D-1BC9-3DDD-ADD2-9C2C854EB0C2}.MinSizeRel|Win32.Build.0 = MinSizeRel|Win32
		{55BEC86D-1BC9-3DDD-ADD2-9C2C854EB0C2}.RelWithDebInfo|Win32.ActiveCfg = RelWithDebInfo|Win32
		{55BEC86D-1BC9-3DDD-ADD2-9C2C854EB0C2}.RelWithDebInfo|Win32.Build.0 = RelWithDebInfo|Win32
		{A3AA0834-DD48-3FCD-BC02-FFE1B0B93536}.Debug|Win32.ActiveCfg = Debug|Win32
		{A3AA0834-DD48-3FCD-BC02-FFE1B0B93536}.Debug|Win32.Build.0 = Debug|Win32
		{A3AA0834-DD48-3FCD-BC02-FFE1B0B93536}.Release|Win32.ActiveCfg = Release|Win32
		{A3AA0834-DD48-3FCD-BC02-FFE1B0B93536}.Release|Win32.Build.0 = Release|Win32
		{A3AA0834-DD48-3FCD-BC02-FFE1B0B93536}.MinSizeRel|Win32.ActiveCfg = MinSizeRel|Win32
		{A3AA0834-DD48-3FCD-BC02-FFE1B0B93536}.MinSizeRel|Win32.Build.0 = MinSizeRel|Win32
		{A3AA0834-DD48-3FCD-BC02-FFE1B0B93536}.RelWithDebInfo|Win32.ActiveCfg = RelWithDebInfo|Win32
		{A3AA0834-DD48-3FCD-BC02-FFE1B0B93536}.RelWithDebInfo|Win32.Build.0 = RelWithDebInfo|Win32
		{115DEA5B-B351-3DC8-BC26-64DAD1F06FC5}.Debug|Win32.ActiveCfg = Debug|Win32
		{115DEA5B-B351-3DC8-BC26-64DAD1F06FC5}.Debug|Win32.Build.0 = Debug|Win32
		{115DEA5B-B351-3DC8-BC26-64DAD1F06FC5}.Release|Win32.ActiveCfg = Release|Win32
		{115DEA5B-B351-3DC8-BC26-64DAD1F06FC5}.Release|Win32.Build.0 = Release|Win32
		{115DEA5B-B351-3DC8-BC26-64DAD1F06FC5}.MinSizeRel|Win32.ActiveCfg = MinSizeRel|Win32
		{115DEA5B-B351-3DC8-BC26-64DAD1F06FC5}.MinSizeRel|Win32.Build.0 = MinSizeRel|Win32
		{115DEA5B-B351-3DC8-BC26-64DAD1F06FC5}.RelWithDebInfo|Win32.ActiveCfg = RelWithDebInfo|Win32
		{115DEA5B-B351-3DC8-BC26-64DAD1F06FC5}.RelWithDebInfo|Win32.Build.0 = RelWithDebInfo|Win32
		{42ED0D66-A3C5-3B2B-9EC2-53335594C5ED}.Debug|Win32.ActiveCfg = Debug|Win32
		{42ED0D66-A3C5-3B2B-9EC2-53335594C5ED}.Debug|Win32.Build.0 = Debug|Win32
		{42ED0D66-A3C5-3B2B-9EC2-53335594C5ED}.Release|Win32.ActiveCfg = Release|Win32
		{42ED0D66-A3C5-3B2B-9EC2-53335594C5ED}.Release|Win32.Build.0 = Release|Win32
		{42ED0D66-A3C5-3B2B-9EC2-53335594C5ED}.MinSizeRel|Win32.ActiveCfg = MinSizeRel|Win32
		{42ED0D66-A3C5-3B2B-9EC2-53335594C5ED}.MinSizeRel|Win32.Build.0 = MinSizeRel|Win32
		{42ED0D66-A3C5-3B2B-9EC2-53335594C5ED}.RelWithDebInfo|Win32.ActiveCfg = RelWithDebInfo|Win32
		{42ED0D66-A3C5-3B2B-9EC2-53335594C5ED}.RelWithDebInfo|Win32.Build.0 = RelWithDebInfo|Win32
		{D3EA10C5-FD65-38E4-AE9D-6695C6EEB695}.Debug|Win32.ActiveCfg = Debug|Win32
		{D3EA10C5-FD65-38E4-AE9D-6695C6EEB695}.Debug|Win32.Build.0 = Debug|Win32
		{D3EA10C5-FD65-38E4-AE9D-6695C6EEB695}.Release|Win32.ActiveCfg = Release|Win32
		{D3EA10C5-FD65-38E4-AE9D-6695C6EEB695}.Release|Win32.Build.0 = Release|Win32
		{D3EA10C5-FD65-38E4-AE9D-6695C6EEB695}.MinSizeRel|Win32.ActiveCfg = MinSizeRel|Win32
		{D3EA10C5-FD65-38E4-AE9D-6695C6EEB695}.MinSizeRel|Win32.Build.0 = MinSizeRel|Win32
		{D3EA10C5-FD65-38E4-AE9D-6695C6EEB695}.RelWithDebInfo|Win32.ActiveCfg = RelWithDebInfo|Win32
		{D3EA10C5-FD65-38E4-AE9D-6695C6EEB695}.RelWithDebInfo|Win32.Build.0 = RelWithDebInfo|Win32
		{F61AB268-857B-355D-93C1-9CDB17662DA7}.Debug|Win32.ActiveCfg = Debug|Win32
		{F61AB268-857B-355D-93C1-9CDB17662DA7}.Debug|Win32.Build.0 = Debug|Win32
		{F61AB268-857B-355D-93C1-9CDB17662DA7}.Release|Win32.ActiveCfg = Release|Win32
		{F61AB268-857B-355D-93C1-9CDB17662DA7}.Release|Win32.Build.0 = Release|Win32
		{F61AB268-857B-355D-93C1-9CDB17662DA7}.MinSizeRel|Win32.ActiveCfg = MinSizeRel|Win32
		{F61AB268-857B-355D-93C1-9CDB17662DA7}.MinSizeRel|Win32.Build.0 = MinSizeRel|Win32
		{F61AB268-857B-355D-93C1-9CDB17662DA7}.RelWithDebInfo|Win32.ActiveCfg = RelWithDebInfo|Win32
		{F61AB268-857B-355D-93C1-9CDB17662DA7}.RelWithDebInfo|Win32.Build.0 = RelWithDebInfo|Win32
		{17A78999-10B4-39A5-A747-87B7D71C7D90}.Debug|Win32.ActiveCfg = Debug|Win32
		{17A78999-10B4-39A5-A747-87B7D71C7D90}.Debug|Win32.Build.0 = Debug|Win32
		{17A78999-10B4-39A5-A747-87B7D71C7D90}.Release|Win32.ActiveCfg = Release|Win32
		{17A78999-10B4-39A5-A747-87B7D71C7D90}.Release|Win32.Build.0 = Release|Win32
		{17A78999-10B4-39A5-A747-87B7D71C7D90}.MinSizeRel|Win32.ActiveCfg = MinSizeRel|Win32
		{17A78999-10B4-39A5-A747-87B7D71C7D90}.MinSizeRel|Win32.Build.0 = MinSizeRel|Win32
		{17A78999-10B4-39A5-A747-87B7D71C7D90}.RelWithDebInfo|Win32.ActiveCfg = RelWithDebInfo|Win32
		{17A78999-10B4-39A5-A747-87B7D71C7D90}.RelWithDebInfo|Win32.Build.0 = RelWithDebInfo|Win32
		{4F0A8D7B-4457-3640-9C0E-9ADC78DD73CA}.Debug|Win32.ActiveCfg = Debug|Win32
		{4F0A8D7B-4457-3640-9C0E-9ADC78DD73CA}.Debug|Win32.Build.0 = Debug|Win32
		{4F0A8D7B-4457-3640-9C0E-9ADC78DD73CA}.Release|Win32.ActiveCfg = Release|Win32
		{4F0A8D7B-4457-3640-9C0E-9ADC78DD73CA}.Release|Win32.Build.0 = Release|Win32
		{4F0A8D7B-4457-3640-9C0E-9ADC78DD73CA}.MinSizeRel|Win32.ActiveCfg = MinSizeRel|Win32
		{4F0A8D7B-4457-3640-9C0E-9ADC78DD73CA}.MinSizeRel|Win32.Build.0 = MinSizeRel|Win32
		{4F0A8D7B-4457-3640-9C0E-9ADC78DD73CA}.RelWithDebInfo|Win32.ActiveCfg = RelWithDebInfo|Win32
		{4F0A8D7B-4457-3640-9C0E-9ADC78DD73CA}.RelWithDebInfo|Win32.Build.0 = RelWithDebInfo|Win32
		{3D23474B-B984-35FC-8241-957A9FAC1745}.Debug|Win32.ActiveCfg = Debug|Win32
		{3D23474B-B984-35FC-8241-957A9FAC1745}.Debug|Win32.Build.0 = Debug|Win32
		{3D23474B-B984-35FC-8241-957A9FAC1745}.Release|Win32.ActiveCfg = Release|Win32
		{3D23474B-B984-35FC-8241-957A9FAC1745}.Release|Win32.Build.0 = Release|Win32
		{3D23474B-B984-35FC-8241-957A9FAC1745}.MinSizeRel|Win32.ActiveCfg = MinSizeRel|Win32
		{3D23474B-B984-35FC-8241-957A9FAC1745}.MinSizeRel|Win32.Build.0 = MinSizeRel|Win32
		{3D23474B-B984-35FC-8241-957A9FAC1745}.RelWithDebInfo|Win32.ActiveCfg = RelWithDebInfo|Win32
		{3D23474B-B984-35FC-8241-957A9FAC1745}.RelWithDebInfo|Win32.Build.0 = RelWithDebInfo|Win32
		{E7F5649C-7BDF-39B7-B751-CF35B254E49A}.Debug|Win32.ActiveCfg = Debug|Win32
		{E7F5649C-7BDF-39B7-B751-CF35B254E49A}.Debug|Win32.Build.0 = Debug|Win32
		{E7F5649C-7BDF-39B7-B751-CF35B254E49A}.Release|Win32.ActiveCfg = Release|Win32
		{E7F5649C-7BDF-39B7-B751-CF35B254E49A}.Release|Win32.Build.0 = Release|Win32
		{E7F5649C-7BDF-39B7-B751-CF35B254E49A}.MinSizeRel|Win32.ActiveCfg = MinSizeRel|Win32
		{E7F5649C-7BDF-39B7-B751-CF35B254E49A}.MinSizeRel|Win32.Build.0 = MinSizeRel|Win32
		{E7F5649C-7BDF-39B7-B751-CF35B254E49A}.RelWithDebInfo|Win32.ActiveCfg = RelWithDebInfo|Win32
		{E7F5649C-7BDF-39B7-B751-CF35B254E49A}.RelWithDebInfo|Win32.Build.0 = RelWithDebInfo|Win32
		{6B2EE658-FE36-3CFA-BDF5-954EFC615D08}.Debug|Win32.ActiveCfg = Debug|Win32
		{6B2EE658-FE36-3CFA-BDF5-954EFC615D08}.Debug|Win32.Build.0 = Debug|Win32
		{6B2EE658-FE36-3CFA-BDF5-954EFC615D08}.Release|Win32.ActiveCfg = Release|Win32
		{6B2EE658-FE36-3CFA-BDF5-954EFC615D08}.Release|Win32.Build.0 = Release|Win32
		{6B2EE658-FE36-3CFA-BDF5-954EFC615D08}.MinSizeRel|Win32.ActiveCfg = MinSizeRel|Win32
		{6B2EE658-FE36-3CFA-BDF5-954EFC615D08}.MinSizeRel|Win32.Build.0 = MinSizeRel|Win32
		{6B2EE658-FE36-3CFA-BDF5-954EFC615D08}.RelWithDebInfo|Win32.ActiveCfg = RelWithDebInfo|Win32
		{6B2EE658-FE36-3CFA-BDF5-954EFC615D08}.RelWithDebInfo|Win32.Build.0 = RelWithDebInfo|Win32
		{46601F01-FEFB-3DE1-94EC-32EE77FA82B7}.Debug|Win32.ActiveCfg = Debug|Win32
		{46601F01-FEFB-3DE1-94EC-32EE77FA82B7}.Debug|Win32.Build.0 = Debug|Win32
		{46601F01-FEFB-3DE1-94EC-32EE77FA82B7}.Release|Win32.ActiveCfg = Release|Win32
		{46601F01-FEFB-3DE1-94EC-32EE77FA82B7}.Release|Win32.Build.0 = Release|Win32
		{46601F01-FEFB-3DE1-94EC-32EE77FA82B7}.MinSizeRel|Win32.ActiveCfg = MinSizeRel|Win32
		{46601F01-FEFB-3DE1-94EC-32EE77FA82B7}.MinSizeRel|Win32.Build.0 = MinSizeRel|Win32
		{46601F01-FEFB-3DE1-94EC-32EE77FA82B7}.RelWithDebInfo|Win32.ActiveCfg = RelWithDebInfo|Win32
		{46601F01-FEFB-3DE1-94EC-32EE77FA82B7}.RelWithDebInfo|Win32.Build.0 = RelWithDebInfo|Win32
		{65C29103-9D65-3F3D-AEBF-5F2982A249DE}.Debug|Win32.ActiveCfg = Debug|Win32
		{65C29103-9D65-3F3D-AEBF-5F2982A249DE}.Debug|Win32.Build.0 = Debug|Win32
		{65C29103-9D65-3F3D-AEBF-5F2982A249DE}.Release|Win32.ActiveCfg = Release|Win32
		{65C29103-9D65-3F3D-AEBF-5F2982A249DE}.Release|Win32.Build.0 = Release|Win32
		{65C29103-9D65-3F3D-AEBF-5F2982A249DE}.MinSizeRel|Win32.ActiveCfg = MinSizeRel|Win32
		{65C29103-9D65-3F3D-AEBF-5F2982A249DE}.MinSizeRel|Win32.Build.0 = MinSizeRel|Win32
		{65C29103-9D65-3F3D-AEBF-5F2982A249DE}.RelWithDebInfo|Win32.ActiveCfg = RelWithDebInfo|Win32
		{65C29103-9D65-3F3D-AEBF-5F2982A249DE}.RelWithDebInfo|Win32.Build.0 = RelWithDebInfo|Win32
		{4E331317-4712-3CE8-A65D-D3715234B0B3}.Debug|Win32.ActiveCfg = Debug|Win32
		{4E331317-4712-3CE8-A65D-D3715234B0B3}.Debug|Win32.Build.0 = Debug|Win32
		{4E331317-4712-3CE8-A65D-D3715234B0B3}.Release|Win32.ActiveCfg = Release|Win32
		{4E331317-4712-3CE8-A65D-D3715234B0B3}.Release|Win32.Build.0 = Release|Win32
		{4E331317-4712-3CE8-A65D-D3715234B0B3}.MinSizeRel|Win32.ActiveCfg = MinSizeRel|Win32
		{4E331317-4712-3CE8-A65D-D3715234B0B3}.MinSizeRel|Win32.Build.0 = MinSizeRel|Win32
		{4E331317-4712-3CE8-A65D-D3715234B0B3}.RelWithDebInfo|Win32.ActiveCfg = RelWithDebInfo|Win32
		{4E331317-4712-3CE8-A65D-D3715234B0B3}.RelWithDebInfo|Win32.Build.0 = RelWithDebInfo|Win32
		{05E550C3-7E95-354A-A973-EFB7050136F6}.Debug|Win32.ActiveCfg = Debug|Win32
		{05E550C3-7E95-354A-A973-EFB7050136F6}.Debug|Win32.Build.0 = Debug|Win32
		{05E550C3-7E95-354A-A973-EFB7050136F6}.Release|Win32.ActiveCfg = Release|Win32
		{05E550C3-7E95-354A-A973-EFB7050136F6}.Release|Win32.Build.0 = Release|Win32
		{05E550C3-7E95-354A-A973-EFB7050136F6}.MinSizeRel|Win32.ActiveCfg = MinSizeRel|Win32
		{05E550C3-7E95-354A-A973-EFB7050136F6}.MinSizeRel|Win32.Build.0 = MinSizeRel|Win32
		{05E550C3-7E95-354A-A973-EFB7050136F6}.RelWithDebInfo|Win32.ActiveCfg = RelWithDebInfo|Win32
		{05E550C3-7E95-354A-A973-EFB7050136F6}.RelWithDebInfo|Win32.Build.0 = RelWithDebInfo|Win32
		{749D3516-78DA-3B3A-B716-8F3B8826DD08}.Debug|Win32.ActiveCfg = Debug|Win32
		{749D3516-78DA-3B3A-B716-8F3B8826DD08}.Debug|Win32.Build.0 = Debug|Win32
		{749D3516-78DA-3B3A-B716-8F3B8826DD08}.Release|Win32.ActiveCfg = Release|Win32
		{749D3516-78DA-3B3A-B716-8F3B8826DD08}.Release|Win32.Build.0 = Release|Win32
		{749D3516-78DA-3B3A-B716-8F3B8826DD08}.MinSizeRel|Win32.ActiveCfg = MinSizeRel|Win32
		{749D3516-78DA-3B3A-B716-8F3B8826DD08}.MinSizeRel|Win32.Build.0 = MinSizeRel|Win32
		{749D3516-78DA-3B3A-B716-8F3B8826DD08}.RelWithDebInfo|Win32.ActiveCfg = RelWithDebInfo|Win32
		{749D3516-78DA-3B3A-B716-8F3B8826DD08}.RelWithDebInfo|Win32.Build.0 = RelWithDebInfo|Win32
	EndGlobalSection
	GlobalSection(ExtensibilityGlobals) = postSolution
		SolutionGuid = {6E421C41-2250-35CF-A890-87E533767E77}
	EndGlobalSection
	GlobalSection(ExtensibilityAddIns) = postSolution
	EndGlobalSection
EndGlobal
