<?xml version="1.0" encoding="utf-8"?>
<Project ToolsVersion="17.0" xmlns="http://schemas.microsoft.com/developer/msbuild/2003">
  <ItemGroup>
    <ClCompile Include="C:\src\OpenGL\freeglut-3.4.0\progs\demos\shapes\shapes.c">
      <Filter>Source Files</Filter>
    </ClCompile>
    <ClCompile Include="C:\src\OpenGL\freeglut-3.4.0\progs\demos\shapes\glmatrix.c">
      <Filter>Source Files</Filter>
    </ClCompile>
  </ItemGroup>
  <ItemGroup>
    <ClInclude Include="C:\src\OpenGL\freeglut-3.4.0\progs\demos\shapes\glmatrix.h">
      <Filter>Header Files</Filter>
    </ClInclude>
  </ItemGroup>
  <ItemGroup>
    <CustomBuild Include="C:\src\OpenGL\freeglut-3.4.0\CMakeLists.txt" />
  </ItemGroup>
  <ItemGroup>
    <Filter Include="Header Files">
      <UniqueIdentifier>{1042CAD0-97B9-3528-B68D-D659CD8A92B3}</UniqueIdentifier>
    </Filter>
    <Filter Include="Source Files">
      <UniqueIdentifier>{F422D397-E951-3E05-B890-8EFBD07671FF}</UniqueIdentifier>
    </Filter>
  </ItemGroup>
</Project>
