<?xml version="1.0" encoding="utf-8"?>
<Project ToolsVersion="17.0" xmlns="http://schemas.microsoft.com/developer/msbuild/2003">
  <ItemGroup>
    <ClCompile Include="C:\src\OpenGL\freeglut-3.4.0\progs\demos\spaceball\spaceball.c">
      <Filter>Source Files</Filter>
    </ClCompile>
    <ClCompile Include="C:\src\OpenGL\freeglut-3.4.0\progs\demos\spaceball\vmath.c">
      <Filter>Source Files</Filter>
    </ClCompile>
  </ItemGroup>
  <ItemGroup>
    <ClInclude Include="C:\src\OpenGL\freeglut-3.4.0\progs\demos\spaceball\vmath.h">
      <Filter>Header Files</Filter>
    </ClInclude>
  </ItemGroup>
  <ItemGroup>
    <CustomBuild Include="C:\src\OpenGL\freeglut-3.4.0\CMakeLists.txt" />
  </ItemGroup>
  <ItemGroup>
    <Filter Include="Header Files">
      <UniqueIdentifier>{F2C36C36-FBE6-3F38-9D67-07017E276977}</UniqueIdentifier>
    </Filter>
    <Filter Include="Source Files">
      <UniqueIdentifier>{BCB980B2-7E95-3EB8-B56B-2D59E986F2ED}</UniqueIdentifier>
    </Filter>
  </ItemGroup>
</Project>
