<?xml version="1.0" encoding="utf-8"?>
<Project ToolsVersion="17.0" xmlns="http://schemas.microsoft.com/developer/msbuild/2003">
  <ItemGroup>
    <CustomBuild Include="C:\src\OpenGL\freeglut-3.4.0\binVS2022X64\CMakeFiles\7ef8ee0c0478c63f949bffdceb5dc962\generate.stamp.rule">
      <Filter>CMake Rules</Filter>
    </CustomBuild>
  </ItemGroup>
  <ItemGroup>
    <Filter Include="CMake Rules">
      <UniqueIdentifier>{0E9DA640-326B-33F4-B6A3-42436178DD6C}</UniqueIdentifier>
    </Filter>
  </ItemGroup>
</Project>
